
Microsoft Visual Studio Solution File, Format Version 12.00
# Visual Studio 15
VisualStudioVersion = 15.0.26124.0
MinimumVisualStudioVersion = 15.0.26124.0
Project("{FAE04EC0-301F-11D3-BF4B-00C04F79EFBC}") = "Domain", "Domain\Domain.csproj", "{EE103886-E988-4A74-AC1C-BA528D9C6F8A}"
EndProject
Project("{FAE04EC0-301F-11D3-BF4B-00C04F79EFBC}") = "Application", "Application\Application.csproj", "{9A9ED9FB-E6C1-4D19-9EE4-2BC41F600C10}"
EndProject
Project("{FAE04EC0-301F-11D3-BF4B-00C04F79EFBC}") = "Persistence", "Persistence\Persistence.csproj", "{82DF0C17-78CC-4238-8DD3-A41D07A7687E}"
EndProject
Project("{FAE04EC0-301F-11D3-BF4B-00C04F79EFBC}") = "API", "API\API.csproj", "{7774270F-B75E-411F-93D9-122BFB40537D}"
EndProject
Project("{FAE04EC0-301F-11D3-BF4B-00C04F79EFBC}") = "Infrastructure", "Infrastructure\Infrastructure.csproj", "{E0AF7AA0-EF12-4D59-9A0C-F96BF7FF2F2E}"
EndProject
Global
	GlobalSection(SolutionConfigurationPlatforms) = preSolution
		Debug|Any CPU = Debug|Any CPU
		Debug|x64 = Debug|x64
		Debug|x86 = Debug|x86
		Release|Any CPU = Release|Any CPU
		Release|x64 = Release|x64
		Release|x86 = Release|x86
	EndGlobalSection
	GlobalSection(SolutionProperties) = preSolution
		HideSolutionNode = FALSE
	EndGlobalSection
	GlobalSection(ProjectConfigurationPlatforms) = postSolution
		{EE103886-E988-4A74-AC1C-BA528D9C6F8A}.Debug|Any CPU.ActiveCfg = Debug|Any CPU
		{EE103886-E988-4A74-AC1C-BA528D9C6F8A}.Debug|Any CPU.Build.0 = Debug|Any CPU
		{EE103886-E988-4A74-AC1C-BA528D9C6F8A}.Debug|x64.ActiveCfg = Debug|Any CPU
		{EE103886-E988-4A74-AC1C-BA528D9C6F8A}.Debug|x64.Build.0 = Debug|Any CPU
		{EE103886-E988-4A74-AC1C-BA528D9C6F8A}.Debug|x86.ActiveCfg = Debug|Any CPU
		{EE103886-E988-4A74-AC1C-BA528D9C6F8A}.Debug|x86.Build.0 = Debug|Any CPU
		{EE103886-E988-4A74-AC1C-BA528D9C6F8A}.Release|Any CPU.ActiveCfg = Release|Any CPU
		{EE103886-E988-4A74-AC1C-BA528D9C6F8A}.Release|Any CPU.Build.0 = Release|Any CPU
		{EE103886-E988-4A74-AC1C-BA528D9C6F8A}.Release|x64.ActiveCfg = Release|Any CPU
		{EE103886-E988-4A74-AC1C-BA528D9C6F8A}.Release|x64.Build.0 = Release|Any CPU
		{EE103886-E988-4A74-AC1C-BA528D9C6F8A}.Release|x86.ActiveCfg = Release|Any CPU
		{EE103886-E988-4A74-AC1C-BA528D9C6F8A}.Release|x86.Build.0 = Release|Any CPU
		{9A9ED9FB-E6C1-4D19-9EE4-2BC41F600C10}.Debug|Any CPU.ActiveCfg = Debug|Any CPU
		{9A9ED9FB-E6C1-4D19-9EE4-2BC41F600C10}.Debug|Any CPU.Build.0 = Debug|Any CPU
		{9A9ED9FB-E6C1-4D19-9EE4-2BC41F600C10}.Debug|x64.ActiveCfg = Debug|Any CPU
		{9A9ED9FB-E6C1-4D19-9EE4-2BC41F600C10}.Debug|x64.Build.0 = Debug|Any CPU
		{9A9ED9FB-E6C1-4D19-9EE4-2BC41F600C10}.Debug|x86.ActiveCfg = Debug|Any CPU
		{9A9ED9FB-E6C1-4D19-9EE4-2BC41F600C10}.Debug|x86.Build.0 = Debug|Any CPU
		{9A9ED9FB-E6C1-4D19-9EE4-2BC41F600C10}.Release|Any CPU.ActiveCfg = Release|Any CPU
		{9A9ED9FB-E6C1-4D19-9EE4-2BC41F600C10}.Release|Any CPU.Build.0 = Release|Any CPU
		{9A9ED9FB-E6C1-4D19-9EE4-2BC41F600C10}.Release|x64.ActiveCfg = Release|Any CPU
		{9A9ED9FB-E6C1-4D19-9EE4-2BC41F600C10}.Release|x64.Build.0 = Release|Any CPU
		{9A9ED9FB-E6C1-4D19-9EE4-2BC41F600C10}.Release|x86.ActiveCfg = Release|Any CPU
		{9A9ED9FB-E6C1-4D19-9EE4-2BC41F600C10}.Release|x86.Build.0 = Release|Any CPU
		{82DF0C17-78CC-4238-8DD3-A41D07A7687E}.Debug|Any CPU.ActiveCfg = Debug|Any CPU
		{82DF0C17-78CC-4238-8DD3-A41D07A7687E}.Debug|Any CPU.Build.0 = Debug|Any CPU
		{82DF0C17-78CC-4238-8DD3-A41D07A7687E}.Debug|x64.ActiveCfg = Debug|Any CPU
		{82DF0C17-78CC-4238-8DD3-A41D07A7687E}.Debug|x64.Build.0 = Debug|Any CPU
		{82DF0C17-78CC-4238-8DD3-A41D07A7687E}.Debug|x86.ActiveCfg = Debug|Any CPU
		{82DF0C17-78CC-4238-8DD3-A41D07A7687E}.Debug|x86.Build.0 = Debug|Any CPU
		{82DF0C17-78CC-4238-8DD3-A41D07A7687E}.Release|Any CPU.ActiveCfg = Release|Any CPU
		{82DF0C17-78CC-4238-8DD3-A41D07A7687E}.Release|Any CPU.Build.0 = Release|Any CPU
		{82DF0C17-78CC-4238-8DD3-A41D07A7687E}.Release|x64.ActiveCfg = Release|Any CPU
		{82DF0C17-78CC-4238-8DD3-A41D07A7687E}.Release|x64.Build.0 = Release|Any CPU
		{82DF0C17-78CC-4238-8DD3-A41D07A7687E}.Release|x86.ActiveCfg = Release|Any CPU
		{82DF0C17-78CC-4238-8DD3-A41D07A7687E}.Release|x86.Build.0 = Release|Any CPU
		{7774270F-B75E-411F-93D9-122BFB40537D}.Debug|Any CPU.ActiveCfg = Debug|Any CPU
		{7774270F-B75E-411F-93D9-122BFB40537D}.Debug|Any CPU.Build.0 = Debug|Any CPU
		{7774270F-B75E-411F-93D9-122BFB40537D}.Debug|x64.ActiveCfg = Debug|Any CPU
		{7774270F-B75E-411F-93D9-122BFB40537D}.Debug|x64.Build.0 = Debug|Any CPU
		{7774270F-B75E-411F-93D9-122BFB40537D}.Debug|x86.ActiveCfg = Debug|Any CPU
		{7774270F-B75E-411F-93D9-122BFB40537D}.Debug|x86.Build.0 = Debug|Any CPU
		{7774270F-B75E-411F-93D9-122BFB40537D}.Release|Any CPU.ActiveCfg = Release|Any CPU
		{7774270F-B75E-411F-93D9-122BFB40537D}.Release|Any CPU.Build.0 = Release|Any CPU
		{7774270F-B75E-411F-93D9-122BFB40537D}.Release|x64.ActiveCfg = Release|Any CPU
		{7774270F-B75E-411F-93D9-122BFB40537D}.Release|x64.Build.0 = Release|Any CPU
		{7774270F-B75E-411F-93D9-122BFB40537D}.Release|x86.ActiveCfg = Release|Any CPU
		{7774270F-B75E-411F-93D9-122BFB40537D}.Release|x86.Build.0 = Release|Any CPU
		{E0AF7AA0-EF12-4D59-9A0C-F96BF7FF2F2E}.Debug|Any CPU.ActiveCfg = Debug|Any CPU
		{E0AF7AA0-EF12-4D59-9A0C-F96BF7FF2F2E}.Debug|Any CPU.Build.0 = Debug|Any CPU
		{E0AF7AA0-EF12-4D59-9A0C-F96BF7FF2F2E}.Debug|x64.ActiveCfg = Debug|Any CPU
		{E0AF7AA0-EF12-4D59-9A0C-F96BF7FF2F2E}.Debug|x64.Build.0 = Debug|Any CPU
		{E0AF7AA0-EF12-4D59-9A0C-F96BF7FF2F2E}.Debug|x86.ActiveCfg = Debug|Any CPU
		{E0AF7AA0-EF12-4D59-9A0C-F96BF7FF2F2E}.Debug|x86.Build.0 = Debug|Any CPU
		{E0AF7AA0-EF12-4D59-9A0C-F96BF7FF2F2E}.Release|Any CPU.ActiveCfg = Release|Any CPU
		{E0AF7AA0-EF12-4D59-9A0C-F96BF7FF2F2E}.Release|Any CPU.Build.0 = Release|Any CPU
		{E0AF7AA0-EF12-4D59-9A0C-F96BF7FF2F2E}.Release|x64.ActiveCfg = Release|Any CPU
		{E0AF7AA0-EF12-4D59-9A0C-F96BF7FF2F2E}.Release|x64.Build.0 = Release|Any CPU
		{E0AF7AA0-EF12-4D59-9A0C-F96BF7FF2F2E}.Release|x86.ActiveCfg = Release|Any CPU
		{E0AF7AA0-EF12-4D59-9A0C-F96BF7FF2F2E}.Release|x86.Build.0 = Release|Any CPU
	EndGlobalSection
EndGlobal
